
Microsoft Visual Studio Solution File, Format Version 12.00
# Visual Studio Version 17
VisualStudioVersion = 17.4.33213.308
MinimumVisualStudioVersion = 10.0.40219.1
Project("{9A19103F-16F7-4668-BE54-9A1E7A4F7556}") = "DOTZ.API", "DOTZ\DOTZ.API.csproj", "{73E22375-E430-47B6-B8F3-52BDEA72906F}"
EndProject
Project("{2150E333-8FDC-42A3-9474-1A3956D46DE8}") = "0 - CrossCutting", "0 - CrossCutting", "{D9CAFD94-D136-42B3-B71E-7CCCB008905B}"
EndProject
Project("{2150E333-8FDC-42A3-9474-1A3956D46DE8}") = "1 - Presentation", "1 - Presentation", "{52FBBB0B-37A3-4F49-9C85-B5A745584F0E}"
EndProject
Project("{2150E333-8FDC-42A3-9474-1A3956D46DE8}") = "2 - Application", "2 - Application", "{8BF40212-628E-4231-A3A5-0D09CB67B89F}"
EndProject
Project("{2150E333-8FDC-42A3-9474-1A3956D46DE8}") = "3 - Domain", "3 - Domain", "{371C9B6A-D774-41FC-85E1-B955CAE83B78}"
EndProject
Project("{2150E333-8FDC-42A3-9474-1A3956D46DE8}") = "4 - Repository", "4 - Repository", "{4743563C-FC32-4890-86A6-8581BC682BD0}"
EndProject
Project("{2150E333-8FDC-42A3-9474-1A3956D46DE8}") = "5 - Test", "5 - Test", "{6903E0C9-AC91-4583-9F94-0C5006E135F0}"
EndProject
Project("{9A19103F-16F7-4668-BE54-9A1E7A4F7556}") = "DOTZ.CrossCutting", "DOTZ.CrossCutting\DOTZ.CrossCutting.csproj", "{A76CAFD2-B115-4984-9333-71B09DD0F204}"
EndProject
Project("{9A19103F-16F7-4668-BE54-9A1E7A4F7556}") = "DOTZ.Application", "DOTZ.Application\DOTZ.Application.csproj", "{CCC90BB4-325D-4F2D-95F0-CBA9FB685C54}"
EndProject
Project("{9A19103F-16F7-4668-BE54-9A1E7A4F7556}") = "DOTZ.Domain", "DOTZ.Domain\DOTZ.Domain.csproj", "{0F715476-6CBE-4471-8B42-E2197AB7A940}"
EndProject
Project("{9A19103F-16F7-4668-BE54-9A1E7A4F7556}") = "DOTZ.ServicesDomain", "DOTZ.ServicesDomain\DOTZ.ServicesDomain.csproj", "{9C89EBA5-56E1-49E2-A602-47F5F110D59D}"
EndProject
Project("{9A19103F-16F7-4668-BE54-9A1E7A4F7556}") = "DOTZ.Repository", "DOTZ.Repository\DOTZ.Repository.csproj", "{DC6FF9C5-C3CF-4D51-89CE-3A6F1D9937AC}"
EndProject
Project("{9A19103F-16F7-4668-BE54-9A1E7A4F7556}") = "DOTZ.Test", "DOTZ.Test\DOTZ.Test.csproj", "{6F143F7F-9821-4186-AD36-8876F1FB2BB8}"
EndProject
Project("{2150E333-8FDC-42A3-9474-1A3956D46DE8}") = "3.1", "3.1", "{0AD14189-FDB2-4A62-9887-088A1377330D}"
EndProject
Project("{2150E333-8FDC-42A3-9474-1A3956D46DE8}") = "6.0", "6.0", "{C505F329-11FA-4EFD-8B84-DC38B5A7CECC}"
EndProject
Project("{FAE04EC0-301F-11D3-BF4B-00C04F79EFBC}") = "DOTZ.API", "DOTZ.API\DOTZ.API.csproj", "{5F8CAD2F-5388-4C66-8477-7FC859425560}"
EndProject
Global
	GlobalSection(SolutionConfigurationPlatforms) = preSolution
		Debug|Any CPU = Debug|Any CPU
		Release|Any CPU = Release|Any CPU
	EndGlobalSection
	GlobalSection(ProjectConfigurationPlatforms) = postSolution
		{73E22375-E430-47B6-B8F3-52BDEA72906F}.Debug|Any CPU.ActiveCfg = Debug|Any CPU
		{73E22375-E430-47B6-B8F3-52BDEA72906F}.Debug|Any CPU.Build.0 = Debug|Any CPU
		{73E22375-E430-47B6-B8F3-52BDEA72906F}.Release|Any CPU.ActiveCfg = Release|Any CPU
		{73E22375-E430-47B6-B8F3-52BDEA72906F}.Release|Any CPU.Build.0 = Release|Any CPU
		{A76CAFD2-B115-4984-9333-71B09DD0F204}.Debug|Any CPU.ActiveCfg = Debug|Any CPU
		{A76CAFD2-B115-4984-9333-71B09DD0F204}.Debug|Any CPU.Build.0 = Debug|Any CPU
		{A76CAFD2-B115-4984-9333-71B09DD0F204}.Release|Any CPU.ActiveCfg = Release|Any CPU
		{A76CAFD2-B115-4984-9333-71B09DD0F204}.Release|Any CPU.Build.0 = Release|Any CPU
		{CCC90BB4-325D-4F2D-95F0-CBA9FB685C54}.Debug|Any CPU.ActiveCfg = Debug|Any CPU
		{CCC90BB4-325D-4F2D-95F0-CBA9FB685C54}.Debug|Any CPU.Build.0 = Debug|Any CPU
		{CCC90BB4-325D-4F2D-95F0-CBA9FB685C54}.Release|Any CPU.ActiveCfg = Release|Any CPU
		{CCC90BB4-325D-4F2D-95F0-CBA9FB685C54}.Release|Any CPU.Build.0 = Release|Any CPU
		{0F715476-6CBE-4471-8B42-E2197AB7A940}.Debug|Any CPU.ActiveCfg = Debug|Any CPU
		{0F715476-6CBE-4471-8B42-E2197AB7A940}.Debug|Any CPU.Build.0 = Debug|Any CPU
		{0F715476-6CBE-4471-8B42-E2197AB7A940}.Release|Any CPU.ActiveCfg = Release|Any CPU
		{0F715476-6CBE-4471-8B42-E2197AB7A940}.Release|Any CPU.Build.0 = Release|Any CPU
		{9C89EBA5-56E1-49E2-A602-47F5F110D59D}.Debug|Any CPU.ActiveCfg = Debug|Any CPU
		{9C89EBA5-56E1-49E2-A602-47F5F110D59D}.Debug|Any CPU.Build.0 = Debug|Any CPU
		{9C89EBA5-56E1-49E2-A602-47F5F110D59D}.Release|Any CPU.ActiveCfg = Release|Any CPU
		{9C89EBA5-56E1-49E2-A602-47F5F110D59D}.Release|Any CPU.Build.0 = Release|Any CPU
		{DC6FF9C5-C3CF-4D51-89CE-3A6F1D9937AC}.Debug|Any CPU.ActiveCfg = Debug|Any CPU
		{DC6FF9C5-C3CF-4D51-89CE-3A6F1D9937AC}.Debug|Any CPU.Build.0 = Debug|Any CPU
		{DC6FF9C5-C3CF-4D51-89CE-3A6F1D9937AC}.Release|Any CPU.ActiveCfg = Release|Any CPU
		{DC6FF9C5-C3CF-4D51-89CE-3A6F1D9937AC}.Release|Any CPU.Build.0 = Release|Any CPU
		{6F143F7F-9821-4186-AD36-8876F1FB2BB8}.Debug|Any CPU.ActiveCfg = Debug|Any CPU
		{6F143F7F-9821-4186-AD36-8876F1FB2BB8}.Debug|Any CPU.Build.0 = Debug|Any CPU
		{6F143F7F-9821-4186-AD36-8876F1FB2BB8}.Release|Any CPU.ActiveCfg = Release|Any CPU
		{6F143F7F-9821-4186-AD36-8876F1FB2BB8}.Release|Any CPU.Build.0 = Release|Any CPU
		{5F8CAD2F-5388-4C66-8477-7FC859425560}.Debug|Any CPU.ActiveCfg = Debug|Any CPU
		{5F8CAD2F-5388-4C66-8477-7FC859425560}.Debug|Any CPU.Build.0 = Debug|Any CPU
		{5F8CAD2F-5388-4C66-8477-7FC859425560}.Release|Any CPU.ActiveCfg = Release|Any CPU
		{5F8CAD2F-5388-4C66-8477-7FC859425560}.Release|Any CPU.Build.0 = Release|Any CPU
	EndGlobalSection
	GlobalSection(SolutionProperties) = preSolution
		HideSolutionNode = FALSE
	EndGlobalSection
	GlobalSection(NestedProjects) = preSolution
		{73E22375-E430-47B6-B8F3-52BDEA72906F} = {0AD14189-FDB2-4A62-9887-088A1377330D}
		{A76CAFD2-B115-4984-9333-71B09DD0F204} = {D9CAFD94-D136-42B3-B71E-7CCCB008905B}
		{CCC90BB4-325D-4F2D-95F0-CBA9FB685C54} = {8BF40212-628E-4231-A3A5-0D09CB67B89F}
		{0F715476-6CBE-4471-8B42-E2197AB7A940} = {371C9B6A-D774-41FC-85E1-B955CAE83B78}
		{9C89EBA5-56E1-49E2-A602-47F5F110D59D} = {371C9B6A-D774-41FC-85E1-B955CAE83B78}
		{DC6FF9C5-C3CF-4D51-89CE-3A6F1D9937AC} = {4743563C-FC32-4890-86A6-8581BC682BD0}
		{6F143F7F-9821-4186-AD36-8876F1FB2BB8} = {6903E0C9-AC91-4583-9F94-0C5006E135F0}
		{0AD14189-FDB2-4A62-9887-088A1377330D} = {52FBBB0B-37A3-4F49-9C85-B5A745584F0E}
		{C505F329-11FA-4EFD-8B84-DC38B5A7CECC} = {52FBBB0B-37A3-4F49-9C85-B5A745584F0E}
		{5F8CAD2F-5388-4C66-8477-7FC859425560} = {C505F329-11FA-4EFD-8B84-DC38B5A7CECC}
	EndGlobalSection
	GlobalSection(ExtensibilityGlobals) = postSolution
		SolutionGuid = {D3A53352-DD8D-4046-9F95-2E25448ECE48}
	EndGlobalSection
EndGlobal
